
Microsoft Visual Studio Solution File, Format Version 12.00
# Visual Studio Version 16
VisualStudioVersion = 16.0.32002.261
MinimumVisualStudioVersion = 10.0.40219.1
Project("{FAE04EC0-301F-11D3-BF4B-00C04F79EFBC}") = "tabuada", "tabuada\tabuada.csproj", "{1B48BE2D-E396-47ED-8909-F655372CF12D}"
EndProject
Global
	GlobalSection(SolutionConfigurationPlatforms) = preSolution
		Debug|Any CPU = Debug|Any CPU
		Release|Any CPU = Release|Any CPU
	EndGlobalSection
	GlobalSection(ProjectConfigurationPlatforms) = postSolution
		{1B48BE2D-E396-47ED-8909-F655372CF12D}.Debug|Any CPU.ActiveCfg = Debug|Any CPU
		{1B48BE2D-E396-47ED-8909-F655372CF12D}.Debug|Any CPU.Build.0 = Debug|Any CPU
		{1B48BE2D-E396-47ED-8909-F655372CF12D}.Release|Any CPU.ActiveCfg = Release|Any CPU
		{1B48BE2D-E396-47ED-8909-F655372CF12D}.Release|Any CPU.Build.0 = Release|Any CPU
	EndGlobalSection
	GlobalSection(SolutionProperties) = preSolution
		HideSolutionNode = FALSE
	EndGlobalSection
	GlobalSection(ExtensibilityGlobals) = postSolution
		SolutionGuid = {E097ABE6-D3DB-4A6B-A5C0-B2FEA55DBBF4}
	EndGlobalSection
EndGlobal
